
Microsoft Visual Studio Solution File, Format Version 12.00
# Visual Studio Version 16
VisualStudioVersion = 16.0.31205.134
MinimumVisualStudioVersion = 10.0.40219.1
Project("{FAE04EC0-301F-11D3-BF4B-00C04F79EFBC}") = "SqlLiteKc.Android", "SqlLiteKc.Android\SqlLiteKc.Android.csproj", "{54BA0FB4-4A37-45D7-8D66-16BCA7013F99}"
EndProject
Project("{FAE04EC0-301F-11D3-BF4B-00C04F79EFBC}") = "SqlLiteKc.iOS", "SqlLiteKc.iOS\SqlLiteKc.iOS.csproj", "{38209BAB-FD81-4AC1-856B-0C673A7059F2}"
EndProject
Project("{FAE04EC0-301F-11D3-BF4B-00C04F79EFBC}") = "SqlLiteKc", "SqlLiteKc\SqlLiteKc.csproj", "{B6DA4A90-E44D-4211-8E1C-79D51B104F13}"
EndProject
Global
	GlobalSection(SolutionConfigurationPlatforms) = preSolution
		Debug|Any CPU = Debug|Any CPU
		Debug|iPhone = Debug|iPhone
		Debug|iPhoneSimulator = Debug|iPhoneSimulator
		Release|Any CPU = Release|Any CPU
		Release|iPhone = Release|iPhone
		Release|iPhoneSimulator = Release|iPhoneSimulator
	EndGlobalSection
	GlobalSection(ProjectConfigurationPlatforms) = postSolution
		{54BA0FB4-4A37-45D7-8D66-16BCA7013F99}.Debug|Any CPU.ActiveCfg = Debug|Any CPU
		{54BA0FB4-4A37-45D7-8D66-16BCA7013F99}.Debug|Any CPU.Build.0 = Debug|Any CPU
		{54BA0FB4-4A37-45D7-8D66-16BCA7013F99}.Debug|Any CPU.Deploy.0 = Debug|Any CPU
		{54BA0FB4-4A37-45D7-8D66-16BCA7013F99}.Debug|iPhone.ActiveCfg = Debug|Any CPU
		{54BA0FB4-4A37-45D7-8D66-16BCA7013F99}.Debug|iPhone.Build.0 = Debug|Any CPU
		{54BA0FB4-4A37-45D7-8D66-16BCA7013F99}.Debug|iPhone.Deploy.0 = Debug|Any CPU
		{54BA0FB4-4A37-45D7-8D66-16BCA7013F99}.Debug|iPhoneSimulator.ActiveCfg = Debug|Any CPU
		{54BA0FB4-4A37-45D7-8D66-16BCA7013F99}.Debug|iPhoneSimulator.Build.0 = Debug|Any CPU
		{54BA0FB4-4A37-45D7-8D66-16BCA7013F99}.Debug|iPhoneSimulator.Deploy.0 = Debug|Any CPU
		{54BA0FB4-4A37-45D7-8D66-16BCA7013F99}.Release|Any CPU.ActiveCfg = Release|Any CPU
		{54BA0FB4-4A37-45D7-8D66-16BCA7013F99}.Release|Any CPU.Build.0 = Release|Any CPU
		{54BA0FB4-4A37-45D7-8D66-16BCA7013F99}.Release|Any CPU.Deploy.0 = Release|Any CPU
		{54BA0FB4-4A37-45D7-8D66-16BCA7013F99}.Release|iPhone.ActiveCfg = Release|Any CPU
		{54BA0FB4-4A37-45D7-8D66-16BCA7013F99}.Release|iPhone.Build.0 = Release|Any CPU
		{54BA0FB4-4A37-45D7-8D66-16BCA7013F99}.Release|iPhone.Deploy.0 = Release|Any CPU
		{54BA0FB4-4A37-45D7-8D66-16BCA7013F99}.Release|iPhoneSimulator.ActiveCfg = Release|Any CPU
		{54BA0FB4-4A37-45D7-8D66-16BCA7013F99}.Release|iPhoneSimulator.Build.0 = Release|Any CPU
		{54BA0FB4-4A37-45D7-8D66-16BCA7013F99}.Release|iPhoneSimulator.Deploy.0 = Release|Any CPU
		{38209BAB-FD81-4AC1-856B-0C673A7059F2}.Debug|Any CPU.ActiveCfg = Debug|iPhone
		{38209BAB-FD81-4AC1-856B-0C673A7059F2}.Debug|Any CPU.Build.0 = Debug|iPhone
		{38209BAB-FD81-4AC1-856B-0C673A7059F2}.Debug|Any CPU.Deploy.0 = Debug|iPhone
		{38209BAB-FD81-4AC1-856B-0C673A7059F2}.Debug|iPhone.ActiveCfg = Debug|iPhone
		{38209BAB-FD81-4AC1-856B-0C673A7059F2}.Debug|iPhone.Build.0 = Debug|iPhone
		{38209BAB-FD81-4AC1-856B-0C673A7059F2}.Debug|iPhone.Deploy.0 = Debug|iPhone
		{38209BAB-FD81-4AC1-856B-0C673A7059F2}.Debug|iPhoneSimulator.ActiveCfg = Debug|iPhoneSimulator
		{38209BAB-FD81-4AC1-856B-0C673A7059F2}.Debug|iPhoneSimulator.Build.0 = Debug|iPhoneSimulator
		{38209BAB-FD81-4AC1-856B-0C673A7059F2}.Debug|iPhoneSimulator.Deploy.0 = Debug|iPhoneSimulator
		{38209BAB-FD81-4AC1-856B-0C673A7059F2}.Release|Any CPU.ActiveCfg = Release|iPhoneSimulator
		{38209BAB-FD81-4AC1-856B-0C673A7059F2}.Release|Any CPU.Build.0 = Release|iPhoneSimulator
		{38209BAB-FD81-4AC1-856B-0C673A7059F2}.Release|Any CPU.Deploy.0 = Release|iPhoneSimulator
		{38209BAB-FD81-4AC1-856B-0C673A7059F2}.Release|iPhone.ActiveCfg = Release|iPhone
		{38209BAB-FD81-4AC1-856B-0C673A7059F2}.Release|iPhone.Build.0 = Release|iPhone
		{38209BAB-FD81-4AC1-856B-0C673A7059F2}.Release|iPhone.Deploy.0 = Release|iPhone
		{38209BAB-FD81-4AC1-856B-0C673A7059F2}.Release|iPhoneSimulator.ActiveCfg = Release|iPhoneSimulator
		{38209BAB-FD81-4AC1-856B-0C673A7059F2}.Release|iPhoneSimulator.Build.0 = Release|iPhoneSimulator
		{38209BAB-FD81-4AC1-856B-0C673A7059F2}.Release|iPhoneSimulator.Deploy.0 = Release|iPhoneSimulator
		{B6DA4A90-E44D-4211-8E1C-79D51B104F13}.Debug|Any CPU.ActiveCfg = Debug|Any CPU
		{B6DA4A90-E44D-4211-8E1C-79D51B104F13}.Debug|Any CPU.Build.0 = Debug|Any CPU
		{B6DA4A90-E44D-4211-8E1C-79D51B104F13}.Debug|Any CPU.Deploy.0 = Debug|Any CPU
		{B6DA4A90-E44D-4211-8E1C-79D51B104F13}.Debug|iPhone.ActiveCfg = Debug|Any CPU
		{B6DA4A90-E44D-4211-8E1C-79D51B104F13}.Debug|iPhone.Build.0 = Debug|Any CPU
		{B6DA4A90-E44D-4211-8E1C-79D51B104F13}.Debug|iPhone.Deploy.0 = Debug|Any CPU
		{B6DA4A90-E44D-4211-8E1C-79D51B104F13}.Debug|iPhoneSimulator.ActiveCfg = Debug|Any CPU
		{B6DA4A90-E44D-4211-8E1C-79D51B104F13}.Debug|iPhoneSimulator.Build.0 = Debug|Any CPU
		{B6DA4A90-E44D-4211-8E1C-79D51B104F13}.Debug|iPhoneSimulator.Deploy.0 = Debug|Any CPU
		{B6DA4A90-E44D-4211-8E1C-79D51B104F13}.Release|Any CPU.ActiveCfg = Release|Any CPU
		{B6DA4A90-E44D-4211-8E1C-79D51B104F13}.Release|Any CPU.Build.0 = Release|Any CPU
		{B6DA4A90-E44D-4211-8E1C-79D51B104F13}.Release|Any CPU.Deploy.0 = Release|Any CPU
		{B6DA4A90-E44D-4211-8E1C-79D51B104F13}.Release|iPhone.ActiveCfg = Release|Any CPU
		{B6DA4A90-E44D-4211-8E1C-79D51B104F13}.Release|iPhone.Build.0 = Release|Any CPU
		{B6DA4A90-E44D-4211-8E1C-79D51B104F13}.Release|iPhone.Deploy.0 = Release|Any CPU
		{B6DA4A90-E44D-4211-8E1C-79D51B104F13}.Release|iPhoneSimulator.ActiveCfg = Release|Any CPU
		{B6DA4A90-E44D-4211-8E1C-79D51B104F13}.Release|iPhoneSimulator.Build.0 = Release|Any CPU
		{B6DA4A90-E44D-4211-8E1C-79D51B104F13}.Release|iPhoneSimulator.Deploy.0 = Release|Any CPU
	EndGlobalSection
	GlobalSection(SolutionProperties) = preSolution
		HideSolutionNode = FALSE
	EndGlobalSection
	GlobalSection(ExtensibilityGlobals) = postSolution
		SolutionGuid = {F0278A07-1F2F-495F-B0D3-EE7BC44816C8}
	EndGlobalSection
EndGlobal
